
Microsoft Visual Studio Solution File, Format Version 12.00
# Visual Studio Version 17
VisualStudioVersion = 17.7.34031.279
MinimumVisualStudioVersion = 10.0.40219.1
Project("{FAE04EC0-301F-11D3-BF4B-00C04F79EFBC}") = "TypesAndVariables", "TypesAndVariables\TypesAndVariables.csproj", "{7F37E9B5-0955-44FE-8ABE-2EA5732F04BF}"
EndProject
Project("{FAE04EC0-301F-11D3-BF4B-00C04F79EFBC}") = "Conditionals", "Conditionals\Conditionals.csproj", "{B5615B3B-0416-4C8D-8822-29288AF49B73}"
EndProject
Project("{FAE04EC0-301F-11D3-BF4B-00C04F79EFBC}") = "Methods", "Methods\Methods.csproj", "{648B89C2-D753-4A42-94BC-B218C48907F0}"
EndProject
Project("{FAE04EC0-301F-11D3-BF4B-00C04F79EFBC}") = "Arrays", "Arrays\Arrays.csproj", "{9049AFFA-4D6F-40D3-AA71-49379E9EED1F}"
EndProject
Project("{FAE04EC0-301F-11D3-BF4B-00C04F79EFBC}") = "Loops", "Loops\Loops.csproj", "{F9B0B141-69DD-46AC-9CA7-A9527B94704F}"
EndProject
Project("{FAE04EC0-301F-11D3-BF4B-00C04F79EFBC}") = "Strings", "Strings\Strings.csproj", "{79D980BE-34AA-4804-B7F1-0F72B3543512}"
EndProject
Project("{FAE04EC0-301F-11D3-BF4B-00C04F79EFBC}") = "Classes", "Classes\Classes.csproj", "{CA68400D-201E-4B7F-B385-FDC08878626A}"
EndProject
Project("{FAE04EC0-301F-11D3-BF4B-00C04F79EFBC}") = "RecapDemo1", "RecapDemo1\RecapDemo1.csproj", "{6EF6EF64-3978-4D28-8268-CE233922153C}"
EndProject
Project("{FAE04EC0-301F-11D3-BF4B-00C04F79EFBC}") = "Interfaces", "Interfaces\Interfaces.csproj", "{2F9DE19E-4128-46E2-938B-CEBC38C0AAF3}"
EndProject
Project("{FAE04EC0-301F-11D3-BF4B-00C04F79EFBC}") = "InterfacesDemo", "InterfacesDemo\InterfacesDemo.csproj", "{AE6D18D5-0568-462A-A283-7008CE2299B5}"
EndProject
Project("{FAE04EC0-301F-11D3-BF4B-00C04F79EFBC}") = "Inheritance", "Inheritance\Inheritance.csproj", "{AB1375B6-C6AC-491A-A41F-02B4E3D37DC6}"
EndProject
Global
	GlobalSection(SolutionConfigurationPlatforms) = preSolution
		Debug|Any CPU = Debug|Any CPU
		Release|Any CPU = Release|Any CPU
	EndGlobalSection
	GlobalSection(ProjectConfigurationPlatforms) = postSolution
		{7F37E9B5-0955-44FE-8ABE-2EA5732F04BF}.Debug|Any CPU.ActiveCfg = Debug|Any CPU
		{7F37E9B5-0955-44FE-8ABE-2EA5732F04BF}.Debug|Any CPU.Build.0 = Debug|Any CPU
		{7F37E9B5-0955-44FE-8ABE-2EA5732F04BF}.Release|Any CPU.ActiveCfg = Release|Any CPU
		{7F37E9B5-0955-44FE-8ABE-2EA5732F04BF}.Release|Any CPU.Build.0 = Release|Any CPU
		{B5615B3B-0416-4C8D-8822-29288AF49B73}.Debug|Any CPU.ActiveCfg = Debug|Any CPU
		{B5615B3B-0416-4C8D-8822-29288AF49B73}.Debug|Any CPU.Build.0 = Debug|Any CPU
		{B5615B3B-0416-4C8D-8822-29288AF49B73}.Release|Any CPU.ActiveCfg = Release|Any CPU
		{B5615B3B-0416-4C8D-8822-29288AF49B73}.Release|Any CPU.Build.0 = Release|Any CPU
		{648B89C2-D753-4A42-94BC-B218C48907F0}.Debug|Any CPU.ActiveCfg = Debug|Any CPU
		{648B89C2-D753-4A42-94BC-B218C48907F0}.Debug|Any CPU.Build.0 = Debug|Any CPU
		{648B89C2-D753-4A42-94BC-B218C48907F0}.Release|Any CPU.ActiveCfg = Release|Any CPU
		{648B89C2-D753-4A42-94BC-B218C48907F0}.Release|Any CPU.Build.0 = Release|Any CPU
		{9049AFFA-4D6F-40D3-AA71-49379E9EED1F}.Debug|Any CPU.ActiveCfg = Debug|Any CPU
		{9049AFFA-4D6F-40D3-AA71-49379E9EED1F}.Debug|Any CPU.Build.0 = Debug|Any CPU
		{9049AFFA-4D6F-40D3-AA71-49379E9EED1F}.Release|Any CPU.ActiveCfg = Release|Any CPU
		{9049AFFA-4D6F-40D3-AA71-49379E9EED1F}.Release|Any CPU.Build.0 = Release|Any CPU
		{F9B0B141-69DD-46AC-9CA7-A9527B94704F}.Debug|Any CPU.ActiveCfg = Debug|Any CPU
		{F9B0B141-69DD-46AC-9CA7-A9527B94704F}.Debug|Any CPU.Build.0 = Debug|Any CPU
		{F9B0B141-69DD-46AC-9CA7-A9527B94704F}.Release|Any CPU.ActiveCfg = Release|Any CPU
		{F9B0B141-69DD-46AC-9CA7-A9527B94704F}.Release|Any CPU.Build.0 = Release|Any CPU
		{79D980BE-34AA-4804-B7F1-0F72B3543512}.Debug|Any CPU.ActiveCfg = Debug|Any CPU
		{79D980BE-34AA-4804-B7F1-0F72B3543512}.Debug|Any CPU.Build.0 = Debug|Any CPU
		{79D980BE-34AA-4804-B7F1-0F72B3543512}.Release|Any CPU.ActiveCfg = Release|Any CPU
		{79D980BE-34AA-4804-B7F1-0F72B3543512}.Release|Any CPU.Build.0 = Release|Any CPU
		{CA68400D-201E-4B7F-B385-FDC08878626A}.Debug|Any CPU.ActiveCfg = Debug|Any CPU
		{CA68400D-201E-4B7F-B385-FDC08878626A}.Debug|Any CPU.Build.0 = Debug|Any CPU
		{CA68400D-201E-4B7F-B385-FDC08878626A}.Release|Any CPU.ActiveCfg = Release|Any CPU
		{CA68400D-201E-4B7F-B385-FDC08878626A}.Release|Any CPU.Build.0 = Release|Any CPU
		{6EF6EF64-3978-4D28-8268-CE233922153C}.Debug|Any CPU.ActiveCfg = Debug|Any CPU
		{6EF6EF64-3978-4D28-8268-CE233922153C}.Debug|Any CPU.Build.0 = Debug|Any CPU
		{6EF6EF64-3978-4D28-8268-CE233922153C}.Release|Any CPU.ActiveCfg = Release|Any CPU
		{6EF6EF64-3978-4D28-8268-CE233922153C}.Release|Any CPU.Build.0 = Release|Any CPU
		{2F9DE19E-4128-46E2-938B-CEBC38C0AAF3}.Debug|Any CPU.ActiveCfg = Debug|Any CPU
		{2F9DE19E-4128-46E2-938B-CEBC38C0AAF3}.Debug|Any CPU.Build.0 = Debug|Any CPU
		{2F9DE19E-4128-46E2-938B-CEBC38C0AAF3}.Release|Any CPU.ActiveCfg = Release|Any CPU
		{2F9DE19E-4128-46E2-938B-CEBC38C0AAF3}.Release|Any CPU.Build.0 = Release|Any CPU
		{AE6D18D5-0568-462A-A283-7008CE2299B5}.Debug|Any CPU.ActiveCfg = Debug|Any CPU
		{AE6D18D5-0568-462A-A283-7008CE2299B5}.Debug|Any CPU.Build.0 = Debug|Any CPU
		{AE6D18D5-0568-462A-A283-7008CE2299B5}.Release|Any CPU.ActiveCfg = Release|Any CPU
		{AE6D18D5-0568-462A-A283-7008CE2299B5}.Release|Any CPU.Build.0 = Release|Any CPU
		{AB1375B6-C6AC-491A-A41F-02B4E3D37DC6}.Debug|Any CPU.ActiveCfg = Debug|Any CPU
		{AB1375B6-C6AC-491A-A41F-02B4E3D37DC6}.Debug|Any CPU.Build.0 = Debug|Any CPU
		{AB1375B6-C6AC-491A-A41F-02B4E3D37DC6}.Release|Any CPU.ActiveCfg = Release|Any CPU
		{AB1375B6-C6AC-491A-A41F-02B4E3D37DC6}.Release|Any CPU.Build.0 = Release|Any CPU
	EndGlobalSection
	GlobalSection(SolutionProperties) = preSolution
		HideSolutionNode = FALSE
	EndGlobalSection
	GlobalSection(ExtensibilityGlobals) = postSolution
		SolutionGuid = {5BDE39FB-90F0-475E-8214-97982E40BDAA}
	EndGlobalSection
EndGlobal
